<Solution>
  <Folder Name="/src/">
    <Project Path="src/UndoRedoSpike.Api/UndoRedoSpike.Api.csproj" />
    <Project Path="src/UndoRedoSpike/UndoRedoSpike.csproj" />
  </Folder>
  <Folder Name="/tests/">
    <Project Path="tests/UndoRedoSpike.Tests/UndoRedoSpike.Tests.csproj" />
  </Folder>
</Solution>
